// !$*UTF8*$!
{
	archiveVersion = 1;
	classes = {
	};
	objectVersion = 50;
	objects = {

/* Begin PBXBuildFile section */
		698BA96122C151D100582190 /* AppDelegate.m in Sources */ = {isa = PBXBuildFile; fileRef = 698BA96022C151D100582190 /* AppDelegate.m */; };
		698BA96422C151D100582190 /* ViewController.m in Sources */ = {isa = PBXBuildFile; fileRef = 698BA96322C151D100582190 /* ViewController.m */; };
		698BA96722C151D100582190 /* Main.storyboard in Resources */ = {isa = PBXBuildFile; fileRef = 698BA96522C151D100582190 /* Main.storyboard */; };
		698BA96922C151D700582190 /* Assets.xcassets in Resources */ = {isa = PBXBuildFile; fileRef = 698BA96822C151D700582190 /* Assets.xcassets */; };
		698BA96C22C151D700582190 /* LaunchScreen.storyboard in Resources */ = {isa = PBXBuildFile; fileRef = 698BA96A22C151D700582190 /* LaunchScreen.storyboard */; };
		698BA96F22C151D700582190 /* main.m in Sources */ = {isa = PBXBuildFile; fileRef = 698BA96E22C151D700582190 /* main.m */; };
		698BA97922C151D800582190 /* URLCacheTestAppTests.m in Sources */ = {isa = PBXBuildFile; fileRef = 698BA97822C151D800582190 /* URLCacheTestAppTests.m */; };
/* End PBXBuildFile section */

/* Begin PBXContainerItemProxy section */
		698BA97522C151D800582190 /* PBXContainerItemProxy */ = {
			isa = PBXContainerItemProxy;
			containerPortal = 698BA95422C151D100582190 /* Project object */;
			proxyType = 1;
			remoteGlobalIDString = 698BA95B22C151D100582190;
			remoteInfo = URLCacheTestApp;
		};
/* End PBXContainerItemProxy section */

/* Begin PBXFileReference section */
		698BA95C22C151D100582190 /* URLCacheTestApp.app */ = {isa = PBXFileReference; explicitFileType = wrapper.application; includeInIndex = 0; path = URLCacheTestApp.app; sourceTree = BUILT_PRODUCTS_DIR; };
		698BA95F22C151D100582190 /* AppDelegate.h */ = {isa = PBXFileReference; lastKnownFileType = sourcecode.c.h; path = AppDelegate.h; sourceTree = "<group>"; };
		698BA96022C151D100582190 /* AppDelegate.m */ = {isa = PBXFileReference; lastKnownFileType = sourcecode.c.objc; path = AppDelegate.m; sourceTree = "<group>"; };
		698BA96222C151D100582190 /* ViewController.h */ = {isa = PBXFileReference; lastKnownFileType = sourcecode.c.h; path = ViewController.h; sourceTree = "<group>"; };
		698BA96322C151D100582190 /* ViewController.m */ = {isa = PBXFileReference; lastKnownFileType = sourcecode.c.objc; path = ViewController.m; sourceTree = "<group>"; };
		698BA96622C151D100582190 /* Base */ = {isa = PBXFileReference; lastKnownFileType = file.storyboard; name = Base; path = Base.lproj/Main.storyboard; sourceTree = "<group>"; };
		698BA96822C151D700582190 /* Assets.xcassets */ = {isa = PBXFileReference; lastKnownFileType = folder.assetcatalog; path = Assets.xcassets; sourceTree = "<group>"; };
		698BA96B22C151D700582190 /* Base */ = {isa = PBXFileReference; lastKnownFileType = file.storyboard; name = Base; path = Base.lproj/LaunchScreen.storyboard; sourceTree = "<group>"; };
		698BA96D22C151D700582190 /* Info.plist */ = {isa = PBXFileReference; lastKnownFileType = text.plist.xml; path = Info.plist; sourceTree = "<group>"; };
		698BA96E22C151D700582190 /* main.m */ = {isa = PBXFileReference; lastKnownFileType = sourcecode.c.objc; path = main.m; sourceTree = "<group>"; };
		698BA97422C151D800582190 /* URLCacheTestAppTests.xctest */ = {isa = PBXFileReference; explicitFileType = wrapper.cfbundle; includeInIndex = 0; path = URLCacheTestAppTests.xctest; sourceTree = BUILT_PRODUCTS_DIR; };
		698BA97822C151D800582190 /* URLCacheTestAppTests.m */ = {isa = PBXFileReference; lastKnownFileType = sourcecode.c.objc; path = URLCacheTestAppTests.m; sourceTree = "<group>"; };
		698BA97A22C151D800582190 /* Info.plist */ = {isa = PBXFileReference; lastKnownFileType = text.plist.xml; path = Info.plist; sourceTree = "<group>"; };
/* End PBXFileReference section */

/* Begin PBXFrameworksBuildPhase section */
		698BA95922C151D100582190 /* Frameworks */ = {
			isa = PBXFrameworksBuildPhase;
			buildActionMask = 2147483647;
			files = (
			);
			runOnlyForDeploymentPostprocessing = 0;
		};
		698BA97122C151D800582190 /* Frameworks */ = {
			isa = PBXFrameworksBuildPhase;
			buildActionMask = 2147483647;
			files = (
			);
			runOnlyForDeploymentPostprocessing = 0;
		};
/* End PBXFrameworksBuildPhase section */

/* Begin PBXGroup section */
		698BA95322C151D100582190 = {
			isa = PBXGroup;
			children = (
				698BA95E22C151D100582190 /* URLCacheTestApp */,
				698BA97722C151D800582190 /* URLCacheTestAppTests */,
				698BA95D22C151D100582190 /* Products */,
			);
			sourceTree = "<group>";
		};
		698BA95D22C151D100582190 /* Products */ = {
			isa = PBXGroup;
			children = (
				698BA95C22C151D100582190 /* URLCacheTestApp.app */,
				698BA97422C151D800582190 /* URLCacheTestAppTests.xctest */,
			);
			name = Products;
			sourceTree = "<group>";
		};
		698BA95E22C151D100582190 /* URLCacheTestApp */ = {
			isa = PBXGroup;
			children = (
				698BA95F22C151D100582190 /* AppDelegate.h */,
				698BA96022C151D100582190 /* AppDelegate.m */,
				698BA96222C151D100582190 /* ViewController.h */,
				698BA96322C151D100582190 /* ViewController.m */,
				698BA96522C151D100582190 /* Main.storyboard */,
				698BA96822C151D700582190 /* Assets.xcassets */,
				698BA96A22C151D700582190 /* LaunchScreen.storyboard */,
				698BA96D22C151D700582190 /* Info.plist */,
				698BA96E22C151D700582190 /* main.m */,
			);
			path = URLCacheTestApp;
			sourceTree = "<group>";
		};
		698BA97722C151D800582190 /* URLCacheTestAppTests */ = {
			isa = PBXGroup;
			children = (
				698BA97822C151D800582190 /* URLCacheTestAppTests.m */,
				698BA97A22C151D800582190 /* Info.plist */,
			);
			path = URLCacheTestAppTests;
			sourceTree = "<group>";
		};
/* End PBXGroup section */

/* Begin PBXNativeTarget section */
		698BA95B22C151D100582190 /* URLCacheTestApp */ = {
			isa = PBXNativeTarget;
			buildConfigurationList = 698BA97D22C151D800582190 /* Build configuration list for PBXNativeTarget "URLCacheTestApp" */;
			buildPhases = (
				698BA95822C151D100582190 /* Sources */,
				698BA95922C151D100582190 /* Frameworks */,
				698BA95A22C151D100582190 /* Resources */,
			);
			buildRules = (
			);
			dependencies = (
			);
			name = URLCacheTestApp;
			productName = URLCacheTestApp;
			productReference = 698BA95C22C151D100582190 /* URLCacheTestApp.app */;
			productType = "com.apple.product-type.application";
		};
		698BA97322C151D800582190 /* URLCacheTestAppTests */ = {
			isa = PBXNativeTarget;
			buildConfigurationList = 698BA98022C151D800582190 /* Build configuration list for PBXNativeTarget "URLCacheTestAppTests" */;
			buildPhases = (
				698BA97022C151D800582190 /* Sources */,
				698BA97122C151D800582190 /* Frameworks */,
				698BA97222C151D800582190 /* Resources */,
			);
			buildRules = (
			);
			dependencies = (
				698BA97622C151D800582190 /* PBXTargetDependency */,
			);
			name = URLCacheTestAppTests;
			productName = URLCacheTestAppTests;
			productReference = 698BA97422C151D800582190 /* URLCacheTestAppTests.xctest */;
			productType = "com.apple.product-type.bundle.unit-test";
		};
/* End PBXNativeTarget section */

/* Begin PBXProject section */
		698BA95422C151D100582190 /* Project object */ = {
			isa = PBXProject;
			attributes = {
				LastUpgradeCheck = 1010;
				ORGANIZATIONNAME = "Salesforce.com, Inc";
				TargetAttributes = {
					698BA95B22C151D100582190 = {
						CreatedOnToolsVersion = 10.1;
					};
					698BA97322C151D800582190 = {
						CreatedOnToolsVersion = 10.1;
						TestTargetID = 698BA95B22C151D100582190;
					};
				};
			};
			buildConfigurationList = 698BA95722C151D100582190 /* Build configuration list for PBXProject "URLCacheTestApp" */;
			compatibilityVersion = "Xcode 9.3";
			developmentRegion = en;
			hasScannedForEncodings = 0;
			knownRegions = (
				en,
				Base,
			);
			mainGroup = 698BA95322C151D100582190;
			productRefGroup = 698BA95D22C151D100582190 /* Products */;
			projectDirPath = "";
			projectRoot = "";
			targets = (
				698BA95B22C151D100582190 /* URLCacheTestApp */,
				698BA97322C151D800582190 /* URLCacheTestAppTests */,
			);
		};
/* End PBXProject section */

/* Begin PBXResourcesBuildPhase section */
		698BA95A22C151D100582190 /* Resources */ = {
			isa = PBXResourcesBuildPhase;
			buildActionMask = 2147483647;
			files = (
				698BA96C22C151D700582190 /* LaunchScreen.storyboard in Resources */,
				698BA96922C151D700582190 /* Assets.xcassets in Resources */,
				698BA96722C151D100582190 /* Main.storyboard in Resources */,
			);
			runOnlyForDeploymentPostprocessing = 0;
		};
		698BA97222C151D800582190 /* Resources */ = {
			isa = PBXResourcesBuildPhase;
			buildActionMask = 2147483647;
			files = (
			);
			runOnlyForDeploymentPostprocessing = 0;
		};
/* End PBXResourcesBuildPhase section */

/* Begin PBXSourcesBuildPhase section */
		698BA95822C151D100582190 /* Sources */ = {
			isa = PBXSourcesBuildPhase;
			buildActionMask = 2147483647;
			files = (
				698BA96422C151D100582190 /* ViewController.m in Sources */,
				698BA96F22C151D700582190 /* main.m in Sources */,
				698BA96122C151D100582190 /* AppDelegate.m in Sources */,
			);
			runOnlyForDeploymentPostprocessing = 0;
		};
		698BA97022C151D800582190 /* Sources */ = {
			isa = PBXSourcesBuildPhase;
			buildActionMask = 2147483647;
			files = (
				698BA97922C151D800582190 /* URLCacheTestAppTests.m in Sources */,
			);
			runOnlyForDeploymentPostprocessing = 0;
		};
/* End PBXSourcesBuildPhase section */

/* Begin PBXTargetDependency section */
		698BA97622C151D800582190 /* PBXTargetDependency */ = {
			isa = PBXTargetDependency;
			target = 698BA95B22C151D100582190 /* URLCacheTestApp */;
			targetProxy = 698BA97522C151D800582190 /* PBXContainerItemProxy */;
		};
/* End PBXTargetDependency section */

/* Begin PBXVariantGroup section */
		698BA96522C151D100582190 /* Main.storyboard */ = {
			isa = PBXVariantGroup;
			children = (
				698BA96622C151D100582190 /* Base */,
			);
			name = Main.storyboard;
			sourceTree = "<group>";
		};
		698BA96A22C151D700582190 /* LaunchScreen.storyboard */ = {
			isa = PBXVariantGroup;
			children = (
				698BA96B22C151D700582190 /* Base */,
			);
			name = LaunchScreen.storyboard;
			sourceTree = "<group>";
		};
/* End PBXVariantGroup section */

/* Begin XCBuildConfiguration section */
		698BA97B22C151D800582190 /* Debug */ = {
			isa = XCBuildConfiguration;
			buildSettings = {
				ALWAYS_SEARCH_USER_PATHS = NO;
				CLANG_ANALYZER_NONNULL = YES;
				CLANG_ANALYZER_NUMBER_OBJECT_CONVERSION = YES_AGGRESSIVE;
				CLANG_CXX_LANGUAGE_STANDARD = "gnu++14";
				CLANG_CXX_LIBRARY = "libc++";
				CLANG_ENABLE_MODULES = YES;
				CLANG_ENABLE_OBJC_ARC = YES;
				CLANG_ENABLE_OBJC_WEAK = YES;
				CLANG_WARN_BLOCK_CAPTURE_AUTORELEASING = YES;
				CLANG_WARN_BOOL_CONVERSION = YES;
				CLANG_WARN_COMMA = YES;
				CLANG_WARN_CONSTANT_CONVERSION = YES;
				CLANG_WARN_DEPRECATED_OBJC_IMPLEMENTATIONS = YES;
				CLANG_WARN_DIRECT_OBJC_ISA_USAGE = YES_ERROR;
				CLANG_WARN_DOCUMENTATION_COMMENTS = YES;
				CLANG_WARN_EMPTY_BODY = YES;
				CLANG_WARN_ENUM_CONVERSION = YES;
				CLANG_WARN_INFINITE_RECURSION = YES;
				CLANG_WARN_INT_CONVERSION = YES;
				CLANG_WARN_NON_LITERAL_NULL_CONVERSION = YES;
				CLANG_WARN_OBJC_IMPLICIT_RETAIN_SELF = YES;
				CLANG_WARN_OBJC_LITERAL_CONVERSION = YES;
				CLANG_WARN_OBJC_ROOT_CLASS = YES_ERROR;
				CLANG_WARN_RANGE_LOOP_ANALYSIS = YES;
				CLANG_WARN_STRICT_PROTOTYPES = YES;
				CLANG_WARN_SUSPICIOUS_MOVE = YES;
				CLANG_WARN_UNGUARDED_AVAILABILITY = YES_AGGRESSIVE;
				CLANG_WARN_UNREACHABLE_CODE = YES;
				CLANG_WARN__DUPLICATE_METHOD_MATCH = YES;
				CODE_SIGN_IDENTITY = "iPhone Developer";
				COPY_PHASE_STRIP = NO;
				DEBUG_INFORMATION_FORMAT = dwarf;
				ENABLE_STRICT_OBJC_MSGSEND = YES;
				ENABLE_TESTABILITY = YES;
				GCC_C_LANGUAGE_STANDARD = gnu11;
				GCC_DYNAMIC_NO_PIC = NO;
				GCC_NO_COMMON_BLOCKS = YES;
				GCC_OPTIMIZATION_LEVEL = 0;
				GCC_PREPROCESSOR_DEFINITIONS = (
					"DEBUG=1",
					"$(inherited)",
				);
				GCC_WARN_64_TO_32_BIT_CONVERSION = YES;
				GCC_WARN_ABOUT_RETURN_TYPE = YES_ERROR;
				GCC_WARN_UNDECLARED_SELECTOR = YES;
				GCC_WARN_UNINITIALIZED_AUTOS = YES_AGGRESSIVE;
				GCC_WARN_UNUSED_FUNCTION = YES;
				GCC_WARN_UNUSED_VARIABLE = YES;
				IPHONEOS_DEPLOYMENT_TARGET = 12.1;
				MTL_ENABLE_DEBUG_INFO = INCLUDE_SOURCE;
				MTL_FAST_MATH = YES;
				ONLY_ACTIVE_ARCH = YES;
				SDKROOT = iphoneos;
			};
			name = Debug;
		};
		698BA97C22C151D800582190 /* Release */ = {
			isa = XCBuildConfiguration;
			buildSettings = {
				ALWAYS_SEARCH_USER_PATHS = NO;
				CLANG_ANALYZER_NONNULL = YES;
				CLANG_ANALYZER_NUMBER_OBJECT_CONVERSION = YES_AGGRESSIVE;
				CLANG_CXX_LANGUAGE_STANDARD = "gnu++14";
				CLANG_CXX_LIBRARY = "libc++";
				CLANG_ENABLE_MODULES = YES;
				CLANG_ENABLE_OBJC_ARC = YES;
				CLANG_ENABLE_OBJC_WEAK = YES;
				CLANG_WARN_BLOCK_CAPTURE_AUTORELEASING = YES;
				CLANG_WARN_BOOL_CONVERSION = YES;
				CLANG_WARN_COMMA = YES;
				CLANG_WARN_CONSTANT_CONVERSION = YES;
				CLANG_WARN_DEPRECATED_OBJC_IMPLEMENTATIONS = YES;
				CLANG_WARN_DIRECT_OBJC_ISA_USAGE = YES_ERROR;
				CLANG_WARN_DOCUMENTATION_COMMENTS = YES;
				CLANG_WARN_EMPTY_BODY = YES;
				CLANG_WARN_ENUM_CONVERSION = YES;
				CLANG_WARN_INFINITE_RECURSION = YES;
				CLANG_WARN_INT_CONVERSION = YES;
				CLANG_WARN_NON_LITERAL_NULL_CONVERSION = YES;
				CLANG_WARN_OBJC_IMPLICIT_RETAIN_SELF = YES;
				CLANG_WARN_OBJC_LITERAL_CONVERSION = YES;
				CLANG_WARN_OBJC_ROOT_CLASS = YES_ERROR;
				CLANG_WARN_RANGE_LOOP_ANALYSIS = YES;
				CLANG_WARN_STRICT_PROTOTYPES = YES;
				CLANG_WARN_SUSPICIOUS_MOVE = YES;
				CLANG_WARN_UNGUARDED_AVAILABILITY = YES_AGGRESSIVE;
				CLANG_WARN_UNREACHABLE_CODE = YES;
				CLANG_WARN__DUPLICATE_METHOD_MATCH = YES;
				CODE_SIGN_IDENTITY = "iPhone Developer";
				COPY_PHASE_STRIP = NO;
				DEBUG_INFORMATION_FORMAT = "dwarf-with-dsym";
				ENABLE_NS_ASSERTIONS = NO;
				ENABLE_STRICT_OBJC_MSGSEND = YES;
				GCC_C_LANGUAGE_STANDARD = gnu11;
				GCC_NO_COMMON_BLOCKS = YES;
				GCC_WARN_64_TO_32_BIT_CONVERSION = YES;
				GCC_WARN_ABOUT_RETURN_TYPE = YES_ERROR;
				GCC_WARN_UNDECLARED_SELECTOR = YES;
				GCC_WARN_UNINITIALIZED_AUTOS = YES_AGGRESSIVE;
				GCC_WARN_UNUSED_FUNCTION = YES;
				GCC_WARN_UNUSED_VARIABLE = YES;
				IPHONEOS_DEPLOYMENT_TARGET = 12.1;
				MTL_ENABLE_DEBUG_INFO = NO;
				MTL_FAST_MATH = YES;
				SDKROOT = iphoneos;
				VALIDATE_PRODUCT = YES;
			};
			name = Release;
		};
		698BA97E22C151D800582190 /* Debug */ = {
			isa = XCBuildConfiguration;
			buildSettings = {
				ASSETCATALOG_COMPILER_APPICON_NAME = AppIcon;
				CODE_SIGN_STYLE = Automatic;
				DEVELOPMENT_TEAM = XD7TD9S6ZU;
				INFOPLIST_FILE = URLCacheTestApp/Info.plist;
				LD_RUNPATH_SEARCH_PATHS = (
					"$(inherited)",
					"@executable_path/Frameworks",
				);
				PRODUCT_BUNDLE_IDENTIFIER = com.salesforce.URLCacheTestApp;
				PRODUCT_NAME = "$(TARGET_NAME)";
				TARGETED_DEVICE_FAMILY = "1,2";
			};
			name = Debug;
		};
		698BA97F22C151D800582190 /* Release */ = {
			isa = XCBuildConfiguration;
			buildSettings = {
				ASSETCATALOG_COMPILER_APPICON_NAME = AppIcon;
				CODE_SIGN_STYLE = Automatic;
				DEVELOPMENT_TEAM = XD7TD9S6ZU;
				INFOPLIST_FILE = URLCacheTestApp/Info.plist;
				LD_RUNPATH_SEARCH_PATHS = (
					"$(inherited)",
					"@executable_path/Frameworks",
				);
				PRODUCT_BUNDLE_IDENTIFIER = com.salesforce.URLCacheTestApp;
				PRODUCT_NAME = "$(TARGET_NAME)";
				TARGETED_DEVICE_FAMILY = "1,2";
			};
			name = Release;
		};
		698BA98122C151D800582190 /* Debug */ = {
			isa = XCBuildConfiguration;
			buildSettings = {
				BUNDLE_LOADER = "$(TEST_HOST)";
				CODE_SIGN_STYLE = Automatic;
				DEVELOPMENT_TEAM = XD7TD9S6ZU;
				INFOPLIST_FILE = URLCacheTestAppTests/Info.plist;
				LD_RUNPATH_SEARCH_PATHS = (
					"$(inherited)",
					"@executable_path/Frameworks",
					"@loader_path/Frameworks",
				);
				PRODUCT_BUNDLE_IDENTIFIER = com.salesforce.URLCacheTestAppTests;
				PRODUCT_NAME = "$(TARGET_NAME)";
				TARGETED_DEVICE_FAMILY = "1,2";
				TEST_HOST = "$(BUILT_PRODUCTS_DIR)/URLCacheTestApp.app/URLCacheTestApp";
			};
			name = Debug;
		};
		698BA98222C151D800582190 /* Release */ = {
			isa = XCBuildConfiguration;
			buildSettings = {
				BUNDLE_LOADER = "$(TEST_HOST)";
				CODE_SIGN_STYLE = Automatic;
				DEVELOPMENT_TEAM = XD7TD9S6ZU;
				INFOPLIST_FILE = URLCacheTestAppTests/Info.plist;
				LD_RUNPATH_SEARCH_PATHS = (
					"$(inherited)",
					"@executable_path/Frameworks",
					"@loader_path/Frameworks",
				);
				PRODUCT_BUNDLE_IDENTIFIER = com.salesforce.URLCacheTestAppTests;
				PRODUCT_NAME = "$(TARGET_NAME)";
				TARGETED_DEVICE_FAMILY = "1,2";
				TEST_HOST = "$(BUILT_PRODUCTS_DIR)/URLCacheTestApp.app/URLCacheTestApp";
			};
			name = Release;
		};
/* End XCBuildConfiguration section */

/* Begin XCConfigurationList section */
		698BA95722C151D100582190 /* Build configuration list for PBXProject "URLCacheTestApp" */ = {
			isa = XCConfigurationList;
			buildConfigurations = (
				698BA97B22C151D800582190 /* Debug */,
				698BA97C22C151D800582190 /* Release */,
			);
			defaultConfigurationIsVisible = 0;
			defaultConfigurationName = Release;
		};
		698BA97D22C151D800582190 /* Build configuration list for PBXNativeTarget "URLCacheTestApp" */ = {
			isa = XCConfigurationList;
			buildConfigurations = (
				698BA97E22C151D800582190 /* Debug */,
				698BA97F22C151D800582190 /* Release */,
			);
			defaultConfigurationIsVisible = 0;
			defaultConfigurationName = Release;
		};
		698BA98022C151D800582190 /* Build configuration list for PBXNativeTarget "URLCacheTestAppTests" */ = {
			isa = XCConfigurationList;
			buildConfigurations = (
				698BA98122C151D800582190 /* Debug */,
				698BA98222C151D800582190 /* Release */,
			);
			defaultConfigurationIsVisible = 0;
			defaultConfigurationName = Release;
		};
/* End XCConfigurationList section */
	};
	rootObject = 698BA95422C151D100582190 /* Project object */;
}
